
Microsoft Visual Studio Solution File, Format Version 12.00
# Visual Studio 15
VisualStudioVersion = 15.0.27703.2035
MinimumVisualStudioVersion = 10.0.40219.1
Project("{FAE04EC0-301F-11D3-BF4B-00C04F79EFBC}") = "XF.LocalDB.Android", "XF.LocalDB\XF.LocalDB.Android\XF.LocalDB.Android.csproj", "{04F6D421-0B0D-4F31-B9E7-0F23C8668445}"
EndProject
Project("{FAE04EC0-301F-11D3-BF4B-00C04F79EFBC}") = "XF.LocalDB.iOS", "XF.LocalDB\XF.LocalDB.iOS\XF.LocalDB.iOS.csproj", "{C1265AF8-2EAF-4495-889C-B21756E030A4}"
EndProject
Project("{FAE04EC0-301F-11D3-BF4B-00C04F79EFBC}") = "XF.LocalDB", "XF.LocalDB\XF.LocalDB\XF.LocalDB.csproj", "{2E539EED-30B6-4F80-ACA1-06852328F2D2}"
EndProject
Global
	GlobalSection(SolutionConfigurationPlatforms) = preSolution
		Ad-Hoc|Any CPU = Ad-Hoc|Any CPU
		Ad-Hoc|iPhone = Ad-Hoc|iPhone
		Ad-Hoc|iPhoneSimulator = Ad-Hoc|iPhoneSimulator
		AppStore|Any CPU = AppStore|Any CPU
		AppStore|iPhone = AppStore|iPhone
		AppStore|iPhoneSimulator = AppStore|iPhoneSimulator
		Debug|Any CPU = Debug|Any CPU
		Debug|iPhone = Debug|iPhone
		Debug|iPhoneSimulator = Debug|iPhoneSimulator
		Release|Any CPU = Release|Any CPU
		Release|iPhone = Release|iPhone
		Release|iPhoneSimulator = Release|iPhoneSimulator
	EndGlobalSection
	GlobalSection(ProjectConfigurationPlatforms) = postSolution
		{04F6D421-0B0D-4F31-B9E7-0F23C8668445}.Ad-Hoc|Any CPU.ActiveCfg = Release|Any CPU
		{04F6D421-0B0D-4F31-B9E7-0F23C8668445}.Ad-Hoc|Any CPU.Build.0 = Release|Any CPU
		{04F6D421-0B0D-4F31-B9E7-0F23C8668445}.Ad-Hoc|Any CPU.Deploy.0 = Release|Any CPU
		{04F6D421-0B0D-4F31-B9E7-0F23C8668445}.Ad-Hoc|iPhone.ActiveCfg = Release|Any CPU
		{04F6D421-0B0D-4F31-B9E7-0F23C8668445}.Ad-Hoc|iPhone.Build.0 = Release|Any CPU
		{04F6D421-0B0D-4F31-B9E7-0F23C8668445}.Ad-Hoc|iPhone.Deploy.0 = Release|Any CPU
		{04F6D421-0B0D-4F31-B9E7-0F23C8668445}.Ad-Hoc|iPhoneSimulator.ActiveCfg = Release|Any CPU
		{04F6D421-0B0D-4F31-B9E7-0F23C8668445}.Ad-Hoc|iPhoneSimulator.Build.0 = Release|Any CPU
		{04F6D421-0B0D-4F31-B9E7-0F23C8668445}.Ad-Hoc|iPhoneSimulator.Deploy.0 = Release|Any CPU
		{04F6D421-0B0D-4F31-B9E7-0F23C8668445}.AppStore|Any CPU.ActiveCfg = Release|Any CPU
		{04F6D421-0B0D-4F31-B9E7-0F23C8668445}.AppStore|Any CPU.Build.0 = Release|Any CPU
		{04F6D421-0B0D-4F31-B9E7-0F23C8668445}.AppStore|Any CPU.Deploy.0 = Release|Any CPU
		{04F6D421-0B0D-4F31-B9E7-0F23C8668445}.AppStore|iPhone.ActiveCfg = Release|Any CPU
		{04F6D421-0B0D-4F31-B9E7-0F23C8668445}.AppStore|iPhone.Build.0 = Release|Any CPU
		{04F6D421-0B0D-4F31-B9E7-0F23C8668445}.AppStore|iPhone.Deploy.0 = Release|Any CPU
		{04F6D421-0B0D-4F31-B9E7-0F23C8668445}.AppStore|iPhoneSimulator.ActiveCfg = Release|Any CPU
		{04F6D421-0B0D-4F31-B9E7-0F23C8668445}.AppStore|iPhoneSimulator.Build.0 = Release|Any CPU
		{04F6D421-0B0D-4F31-B9E7-0F23C8668445}.AppStore|iPhoneSimulator.Deploy.0 = Release|Any CPU
		{04F6D421-0B0D-4F31-B9E7-0F23C8668445}.Debug|Any CPU.ActiveCfg = Debug|Any CPU
		{04F6D421-0B0D-4F31-B9E7-0F23C8668445}.Debug|Any CPU.Build.0 = Debug|Any CPU
		{04F6D421-0B0D-4F31-B9E7-0F23C8668445}.Debug|Any CPU.Deploy.0 = Debug|Any CPU
		{04F6D421-0B0D-4F31-B9E7-0F23C8668445}.Debug|iPhone.ActiveCfg = Debug|Any CPU
		{04F6D421-0B0D-4F31-B9E7-0F23C8668445}.Debug|iPhone.Build.0 = Debug|Any CPU
		{04F6D421-0B0D-4F31-B9E7-0F23C8668445}.Debug|iPhone.Deploy.0 = Debug|Any CPU
		{04F6D421-0B0D-4F31-B9E7-0F23C8668445}.Debug|iPhoneSimulator.ActiveCfg = Debug|Any CPU
		{04F6D421-0B0D-4F31-B9E7-0F23C8668445}.Debug|iPhoneSimulator.Build.0 = Debug|Any CPU
		{04F6D421-0B0D-4F31-B9E7-0F23C8668445}.Debug|iPhoneSimulator.Deploy.0 = Debug|Any CPU
		{04F6D421-0B0D-4F31-B9E7-0F23C8668445}.Release|Any CPU.ActiveCfg = Release|Any CPU
		{04F6D421-0B0D-4F31-B9E7-0F23C8668445}.Release|Any CPU.Build.0 = Release|Any CPU
		{04F6D421-0B0D-4F31-B9E7-0F23C8668445}.Release|Any CPU.Deploy.0 = Release|Any CPU
		{04F6D421-0B0D-4F31-B9E7-0F23C8668445}.Release|iPhone.ActiveCfg = Release|Any CPU
		{04F6D421-0B0D-4F31-B9E7-0F23C8668445}.Release|iPhone.Build.0 = Release|Any CPU
		{04F6D421-0B0D-4F31-B9E7-0F23C8668445}.Release|iPhone.Deploy.0 = Release|Any CPU
		{04F6D421-0B0D-4F31-B9E7-0F23C8668445}.Release|iPhoneSimulator.ActiveCfg = Release|Any CPU
		{04F6D421-0B0D-4F31-B9E7-0F23C8668445}.Release|iPhoneSimulator.Build.0 = Release|Any CPU
		{04F6D421-0B0D-4F31-B9E7-0F23C8668445}.Release|iPhoneSimulator.Deploy.0 = Release|Any CPU
		{C1265AF8-2EAF-4495-889C-B21756E030A4}.Ad-Hoc|Any CPU.ActiveCfg = Ad-Hoc|iPhone
		{C1265AF8-2EAF-4495-889C-B21756E030A4}.Ad-Hoc|Any CPU.Build.0 = Ad-Hoc|iPhone
		{C1265AF8-2EAF-4495-889C-B21756E030A4}.Ad-Hoc|Any CPU.Deploy.0 = Ad-Hoc|iPhone
		{C1265AF8-2EAF-4495-889C-B21756E030A4}.Ad-Hoc|iPhone.ActiveCfg = Ad-Hoc|iPhone
		{C1265AF8-2EAF-4495-889C-B21756E030A4}.Ad-Hoc|iPhone.Build.0 = Ad-Hoc|iPhone
		{C1265AF8-2EAF-4495-889C-B21756E030A4}.Ad-Hoc|iPhone.Deploy.0 = Ad-Hoc|iPhone
		{C1265AF8-2EAF-4495-889C-B21756E030A4}.Ad-Hoc|iPhoneSimulator.ActiveCfg = Ad-Hoc|iPhoneSimulator
		{C1265AF8-2EAF-4495-889C-B21756E030A4}.Ad-Hoc|iPhoneSimulator.Build.0 = Ad-Hoc|iPhoneSimulator
		{C1265AF8-2EAF-4495-889C-B21756E030A4}.Ad-Hoc|iPhoneSimulator.Deploy.0 = Ad-Hoc|iPhoneSimulator
		{C1265AF8-2EAF-4495-889C-B21756E030A4}.AppStore|Any CPU.ActiveCfg = AppStore|iPhone
		{C1265AF8-2EAF-4495-889C-B21756E030A4}.AppStore|Any CPU.Build.0 = AppStore|iPhone
		{C1265AF8-2EAF-4495-889C-B21756E030A4}.AppStore|Any CPU.Deploy.0 = AppStore|iPhone
		{C1265AF8-2EAF-4495-889C-B21756E030A4}.AppStore|iPhone.ActiveCfg = AppStore|iPhone
		{C1265AF8-2EAF-4495-889C-B21756E030A4}.AppStore|iPhone.Build.0 = AppStore|iPhone
		{C1265AF8-2EAF-4495-889C-B21756E030A4}.AppStore|iPhone.Deploy.0 = AppStore|iPhone
		{C1265AF8-2EAF-4495-889C-B21756E030A4}.AppStore|iPhoneSimulator.ActiveCfg = AppStore|iPhoneSimulator
		{C1265AF8-2EAF-4495-889C-B21756E030A4}.AppStore|iPhoneSimulator.Build.0 = AppStore|iPhoneSimulator
		{C1265AF8-2EAF-4495-889C-B21756E030A4}.AppStore|iPhoneSimulator.Deploy.0 = AppStore|iPhoneSimulator
		{C1265AF8-2EAF-4495-889C-B21756E030A4}.Debug|Any CPU.ActiveCfg = Debug|iPhoneSimulator
		{C1265AF8-2EAF-4495-889C-B21756E030A4}.Debug|Any CPU.Build.0 = Debug|iPhoneSimulator
		{C1265AF8-2EAF-4495-889C-B21756E030A4}.Debug|Any CPU.Deploy.0 = Debug|iPhoneSimulator
		{C1265AF8-2EAF-4495-889C-B21756E030A4}.Debug|iPhone.ActiveCfg = Debug|iPhone
		{C1265AF8-2EAF-4495-889C-B21756E030A4}.Debug|iPhone.Build.0 = Debug|iPhone
		{C1265AF8-2EAF-4495-889C-B21756E030A4}.Debug|iPhone.Deploy.0 = Debug|iPhone
		{C1265AF8-2EAF-4495-889C-B21756E030A4}.Debug|iPhoneSimulator.ActiveCfg = Debug|iPhoneSimulator
		{C1265AF8-2EAF-4495-889C-B21756E030A4}.Debug|iPhoneSimulator.Build.0 = Debug|iPhoneSimulator
		{C1265AF8-2EAF-4495-889C-B21756E030A4}.Debug|iPhoneSimulator.Deploy.0 = Debug|iPhoneSimulator
		{C1265AF8-2EAF-4495-889C-B21756E030A4}.Release|Any CPU.ActiveCfg = Release|iPhone
		{C1265AF8-2EAF-4495-889C-B21756E030A4}.Release|Any CPU.Build.0 = Release|iPhone
		{C1265AF8-2EAF-4495-889C-B21756E030A4}.Release|Any CPU.Deploy.0 = Release|iPhone
		{C1265AF8-2EAF-4495-889C-B21756E030A4}.Release|iPhone.ActiveCfg = Release|iPhone
		{C1265AF8-2EAF-4495-889C-B21756E030A4}.Release|iPhone.Build.0 = Release|iPhone
		{C1265AF8-2EAF-4495-889C-B21756E030A4}.Release|iPhone.Deploy.0 = Release|iPhone
		{C1265AF8-2EAF-4495-889C-B21756E030A4}.Release|iPhoneSimulator.ActiveCfg = Release|iPhoneSimulator
		{C1265AF8-2EAF-4495-889C-B21756E030A4}.Release|iPhoneSimulator.Build.0 = Release|iPhoneSimulator
		{C1265AF8-2EAF-4495-889C-B21756E030A4}.Release|iPhoneSimulator.Deploy.0 = Release|iPhoneSimulator
		{2E539EED-30B6-4F80-ACA1-06852328F2D2}.Ad-Hoc|Any CPU.ActiveCfg = Debug|Any CPU
		{2E539EED-30B6-4F80-ACA1-06852328F2D2}.Ad-Hoc|Any CPU.Build.0 = Debug|Any CPU
		{2E539EED-30B6-4F80-ACA1-06852328F2D2}.Ad-Hoc|Any CPU.Deploy.0 = Debug|Any CPU
		{2E539EED-30B6-4F80-ACA1-06852328F2D2}.Ad-Hoc|iPhone.ActiveCfg = Debug|Any CPU
		{2E539EED-30B6-4F80-ACA1-06852328F2D2}.Ad-Hoc|iPhone.Build.0 = Debug|Any CPU
		{2E539EED-30B6-4F80-ACA1-06852328F2D2}.Ad-Hoc|iPhone.Deploy.0 = Debug|Any CPU
		{2E539EED-30B6-4F80-ACA1-06852328F2D2}.Ad-Hoc|iPhoneSimulator.ActiveCfg = Debug|Any CPU
		{2E539EED-30B6-4F80-ACA1-06852328F2D2}.Ad-Hoc|iPhoneSimulator.Build.0 = Debug|Any CPU
		{2E539EED-30B6-4F80-ACA1-06852328F2D2}.Ad-Hoc|iPhoneSimulator.Deploy.0 = Debug|Any CPU
		{2E539EED-30B6-4F80-ACA1-06852328F2D2}.AppStore|Any CPU.ActiveCfg = Debug|Any CPU
		{2E539EED-30B6-4F80-ACA1-06852328F2D2}.AppStore|Any CPU.Build.0 = Debug|Any CPU
		{2E539EED-30B6-4F80-ACA1-06852328F2D2}.AppStore|Any CPU.Deploy.0 = Debug|Any CPU
		{2E539EED-30B6-4F80-ACA1-06852328F2D2}.AppStore|iPhone.ActiveCfg = Debug|Any CPU
		{2E539EED-30B6-4F80-ACA1-06852328F2D2}.AppStore|iPhone.Build.0 = Debug|Any CPU
		{2E539EED-30B6-4F80-ACA1-06852328F2D2}.AppStore|iPhone.Deploy.0 = Debug|Any CPU
		{2E539EED-30B6-4F80-ACA1-06852328F2D2}.AppStore|iPhoneSimulator.ActiveCfg = Debug|Any CPU
		{2E539EED-30B6-4F80-ACA1-06852328F2D2}.AppStore|iPhoneSimulator.Build.0 = Debug|Any CPU
		{2E539EED-30B6-4F80-ACA1-06852328F2D2}.AppStore|iPhoneSimulator.Deploy.0 = Debug|Any CPU
		{2E539EED-30B6-4F80-ACA1-06852328F2D2}.Debug|Any CPU.ActiveCfg = Debug|Any CPU
		{2E539EED-30B6-4F80-ACA1-06852328F2D2}.Debug|Any CPU.Build.0 = Debug|Any CPU
		{2E539EED-30B6-4F80-ACA1-06852328F2D2}.Debug|Any CPU.Deploy.0 = Debug|Any CPU
		{2E539EED-30B6-4F80-ACA1-06852328F2D2}.Debug|iPhone.ActiveCfg = Debug|Any CPU
		{2E539EED-30B6-4F80-ACA1-06852328F2D2}.Debug|iPhone.Build.0 = Debug|Any CPU
		{2E539EED-30B6-4F80-ACA1-06852328F2D2}.Debug|iPhone.Deploy.0 = Debug|Any CPU
		{2E539EED-30B6-4F80-ACA1-06852328F2D2}.Debug|iPhoneSimulator.ActiveCfg = Debug|Any CPU
		{2E539EED-30B6-4F80-ACA1-06852328F2D2}.Debug|iPhoneSimulator.Build.0 = Debug|Any CPU
		{2E539EED-30B6-4F80-ACA1-06852328F2D2}.Debug|iPhoneSimulator.Deploy.0 = Debug|Any CPU
		{2E539EED-30B6-4F80-ACA1-06852328F2D2}.Release|Any CPU.ActiveCfg = Release|Any CPU
		{2E539EED-30B6-4F80-ACA1-06852328F2D2}.Release|Any CPU.Build.0 = Release|Any CPU
		{2E539EED-30B6-4F80-ACA1-06852328F2D2}.Release|Any CPU.Deploy.0 = Release|Any CPU
		{2E539EED-30B6-4F80-ACA1-06852328F2D2}.Release|iPhone.ActiveCfg = Release|Any CPU
		{2E539EED-30B6-4F80-ACA1-06852328F2D2}.Release|iPhone.Build.0 = Release|Any CPU
		{2E539EED-30B6-4F80-ACA1-06852328F2D2}.Release|iPhone.Deploy.0 = Release|Any CPU
		{2E539EED-30B6-4F80-ACA1-06852328F2D2}.Release|iPhoneSimulator.ActiveCfg = Release|Any CPU
		{2E539EED-30B6-4F80-ACA1-06852328F2D2}.Release|iPhoneSimulator.Build.0 = Release|Any CPU
		{2E539EED-30B6-4F80-ACA1-06852328F2D2}.Release|iPhoneSimulator.Deploy.0 = Release|Any CPU
	EndGlobalSection
	GlobalSection(SolutionProperties) = preSolution
		HideSolutionNode = FALSE
	EndGlobalSection
	GlobalSection(ExtensibilityGlobals) = postSolution
		SolutionGuid = {EB2E36C1-AEB7-4EE3-9211-9D520EBB4768}
	EndGlobalSection
EndGlobal
